
Microsoft Visual Studio Solution File, Format Version 12.00
# Visual Studio 2015
Project("{FAE04EC0-301F-11D3-BF4B-00C04F79EFBC}") = "VrRacingGame.CSharp", "VrRacingGame.CSharp.csproj", "{42D0FB97-4270-C4EB-7036-E799392888B3}"
EndProject
Project("{FAE04EC0-301F-11D3-BF4B-00C04F79EFBC}") = "VrRacingGame.CSharp.Editor", "VrRacingGame.CSharp.Editor.csproj", "{8D08BC09-058E-B45C-9FB7-EED9205D7E74}"
EndProject
Global
	GlobalSection(SolutionConfigurationPlatforms) = preSolution
		Debug|Any CPU = Debug|Any CPU
		Release|Any CPU = Release|Any CPU
	EndGlobalSection
	GlobalSection(ProjectConfigurationPlatforms) = postSolution
		{42D0FB97-4270-C4EB-7036-E799392888B3}.Debug|Any CPU.ActiveCfg = Debug|Any CPU
		{42D0FB97-4270-C4EB-7036-E799392888B3}.Debug|Any CPU.Build.0 = Debug|Any CPU
		{42D0FB97-4270-C4EB-7036-E799392888B3}.Release|Any CPU.ActiveCfg = Release|Any CPU
		{42D0FB97-4270-C4EB-7036-E799392888B3}.Release|Any CPU.Build.0 = Release|Any CPU
		{8D08BC09-058E-B45C-9FB7-EED9205D7E74}.Debug|Any CPU.ActiveCfg = Debug|Any CPU
		{8D08BC09-058E-B45C-9FB7-EED9205D7E74}.Debug|Any CPU.Build.0 = Debug|Any CPU
		{8D08BC09-058E-B45C-9FB7-EED9205D7E74}.Release|Any CPU.ActiveCfg = Release|Any CPU
		{8D08BC09-058E-B45C-9FB7-EED9205D7E74}.Release|Any CPU.Build.0 = Release|Any CPU
	EndGlobalSection
	GlobalSection(SolutionProperties) = preSolution
		HideSolutionNode = FALSE
	EndGlobalSection
EndGlobal
